
Microsoft Visual Studio Solution File, Format Version 12.00
# Visual Studio 2012
Project("{FAE04EC0-301F-11D3-BF4B-00C04F79EFBC}") = "GAHDesktop", "GAHDesktop\GAHDesktop.csproj", "{69571BAD-3430-4C8F-ACDF-65EDFDEE198B}"
EndProject
Global
	GlobalSection(SolutionConfigurationPlatforms) = preSolution
		Debug|Any CPU = Debug|Any CPU
		Release|Any CPU = Release|Any CPU
	EndGlobalSection
	GlobalSection(ProjectConfigurationPlatforms) = postSolution
		{69571BAD-3430-4C8F-ACDF-65EDFDEE198B}.Debug|Any CPU.ActiveCfg = Debug|Any CPU
		{69571BAD-3430-4C8F-ACDF-65EDFDEE198B}.Debug|Any CPU.Build.0 = Debug|Any CPU
		{69571BAD-3430-4C8F-ACDF-65EDFDEE198B}.Release|Any CPU.ActiveCfg = Release|Any CPU
		{69571BAD-3430-4C8F-ACDF-65EDFDEE198B}.Release|Any CPU.Build.0 = Release|Any CPU
	EndGlobalSection
	GlobalSection(SolutionProperties) = preSolution
		HideSolutionNode = FALSE
	EndGlobalSection
EndGlobal
